
Microsoft Visual Studio Solution File, Format Version 12.00
# Visual Studio Version 17
VisualStudioVersion = 17.4.33122.133
MinimumVisualStudioVersion = 10.0.40219.1
Project("{FAE04EC0-301F-11D3-BF4B-00C04F79EFBC}") = "Generics", "Generics\Generics.csproj", "{6398B9CD-180A-4ECA-AF28-EDCFB0807753}"
EndProject
Global
	GlobalSection(SolutionConfigurationPlatforms) = preSolution
		Debug|Any CPU = Debug|Any CPU
		Release|Any CPU = Release|Any CPU
	EndGlobalSection
	GlobalSection(ProjectConfigurationPlatforms) = postSolution
		{6398B9CD-180A-4ECA-AF28-EDCFB0807753}.Debug|Any CPU.ActiveCfg = Debug|Any CPU
		{6398B9CD-180A-4ECA-AF28-EDCFB0807753}.Debug|Any CPU.Build.0 = Debug|Any CPU
		{6398B9CD-180A-4ECA-AF28-EDCFB0807753}.Release|Any CPU.ActiveCfg = Release|Any CPU
		{6398B9CD-180A-4ECA-AF28-EDCFB0807753}.Release|Any CPU.Build.0 = Release|Any CPU
	EndGlobalSection
	GlobalSection(SolutionProperties) = preSolution
		HideSolutionNode = FALSE
	EndGlobalSection
	GlobalSection(ExtensibilityGlobals) = postSolution
		SolutionGuid = {133CE0A7-DE4E-427E-9EF1-5005485432F7}
	EndGlobalSection
EndGlobal
